// !$*UTF8*$!
{
	archiveVersion = 1;
	classes = {
	};
	objectVersion = 55;
	objects = {

/* Begin PBXBuildFile section */
		8C1F69D027F0B5610080EE2C /* TipsChooseViewController.swift in Sources */ = {isa = PBXBuildFile; fileRef = 8C1F69CF27F0B5610080EE2C /* TipsChooseViewController.swift */; };
		8C1F69D227F0B59E0080EE2C /* ShowTipsViewController.swift in Sources */ = {isa = PBXBuildFile; fileRef = 8C1F69D127F0B59E0080EE2C /* ShowTipsViewController.swift */; };
		8C1F69D427F0B6050080EE2C /* MemsViewController.swift in Sources */ = {isa = PBXBuildFile; fileRef = 8C1F69D327F0B6050080EE2C /* MemsViewController.swift */; };
		8C1F69D627F0B91F0080EE2C /* DevelopersListViewController.swift in Sources */ = {isa = PBXBuildFile; fileRef = 8C1F69D527F0B91F0080EE2C /* DevelopersListViewController.swift */; };
		8C1F69D827F0B9540080EE2C /* DeveloperInfoViewController.swift in Sources */ = {isa = PBXBuildFile; fileRef = 8C1F69D727F0B9540080EE2C /* DeveloperInfoViewController.swift */; };
		8C1F69DE27F4A5AB0080EE2C /* DataManager.swift in Sources */ = {isa = PBXBuildFile; fileRef = 8C1F69DD27F4A5AB0080EE2C /* DataManager.swift */; };
		8C1F69E027F4A5CB0080EE2C /* ImageDataManager.swift in Sources */ = {isa = PBXBuildFile; fileRef = 8C1F69DF27F4A5CB0080EE2C /* ImageDataManager.swift */; };
		8C1F69E227F4A5EF0080EE2C /* DevelopersDataManager.swift in Sources */ = {isa = PBXBuildFile; fileRef = 8C1F69E127F4A5EF0080EE2C /* DevelopersDataManager.swift */; };
		8C1F69E427F4A6090080EE2C /* TipsModel.swift in Sources */ = {isa = PBXBuildFile; fileRef = 8C1F69E327F4A6090080EE2C /* TipsModel.swift */; };
		8C1F69E627F4A6290080EE2C /* DeveloperModel.swift in Sources */ = {isa = PBXBuildFile; fileRef = 8C1F69E527F4A6290080EE2C /* DeveloperModel.swift */; };
		8C1F69E827F4A63C0080EE2C /* ImageModel.swift in Sources */ = {isa = PBXBuildFile; fileRef = 8C1F69E727F4A63C0080EE2C /* ImageModel.swift */; };
		8C39C27F27F0854200D412BA /* AppDelegate.swift in Sources */ = {isa = PBXBuildFile; fileRef = 8C39C27E27F0854200D412BA /* AppDelegate.swift */; };
		8C39C28127F0854200D412BA /* SceneDelegate.swift in Sources */ = {isa = PBXBuildFile; fileRef = 8C39C28027F0854200D412BA /* SceneDelegate.swift */; };
		8C39C28627F0854200D412BA /* Main.storyboard in Resources */ = {isa = PBXBuildFile; fileRef = 8C39C28427F0854200D412BA /* Main.storyboard */; };
		8C39C28827F0854400D412BA /* Assets.xcassets in Resources */ = {isa = PBXBuildFile; fileRef = 8C39C28727F0854400D412BA /* Assets.xcassets */; };
		8C39C28B27F0854400D412BA /* LaunchScreen.storyboard in Resources */ = {isa = PBXBuildFile; fileRef = 8C39C28927F0854400D412BA /* LaunchScreen.storyboard */; };
		8C3DA94F27F08D7300EFCD9C /* WelcomeViewController.swift in Sources */ = {isa = PBXBuildFile; fileRef = 8C3DA94E27F08D7300EFCD9C /* WelcomeViewController.swift */; };
/* End PBXBuildFile section */

/* Begin PBXFileReference section */
		8C1F69CF27F0B5610080EE2C /* TipsChooseViewController.swift */ = {isa = PBXFileReference; lastKnownFileType = sourcecode.swift; path = TipsChooseViewController.swift; sourceTree = "<group>"; };
		8C1F69D127F0B59E0080EE2C /* ShowTipsViewController.swift */ = {isa = PBXFileReference; lastKnownFileType = sourcecode.swift; path = ShowTipsViewController.swift; sourceTree = "<group>"; };
		8C1F69D327F0B6050080EE2C /* MemsViewController.swift */ = {isa = PBXFileReference; lastKnownFileType = sourcecode.swift; path = MemsViewController.swift; sourceTree = "<group>"; };
		8C1F69D527F0B91F0080EE2C /* DevelopersListViewController.swift */ = {isa = PBXFileReference; lastKnownFileType = sourcecode.swift; path = DevelopersListViewController.swift; sourceTree = "<group>"; };
		8C1F69D727F0B9540080EE2C /* DeveloperInfoViewController.swift */ = {isa = PBXFileReference; lastKnownFileType = sourcecode.swift; path = DeveloperInfoViewController.swift; sourceTree = "<group>"; };
		8C1F69DD27F4A5AB0080EE2C /* DataManager.swift */ = {isa = PBXFileReference; lastKnownFileType = sourcecode.swift; path = DataManager.swift; sourceTree = "<group>"; };
		8C1F69DF27F4A5CB0080EE2C /* ImageDataManager.swift */ = {isa = PBXFileReference; lastKnownFileType = sourcecode.swift; path = ImageDataManager.swift; sourceTree = "<group>"; };
		8C1F69E127F4A5EF0080EE2C /* DevelopersDataManager.swift */ = {isa = PBXFileReference; lastKnownFileType = sourcecode.swift; path = DevelopersDataManager.swift; sourceTree = "<group>"; };
		8C1F69E327F4A6090080EE2C /* TipsModel.swift */ = {isa = PBXFileReference; lastKnownFileType = sourcecode.swift; path = TipsModel.swift; sourceTree = "<group>"; };
		8C1F69E527F4A6290080EE2C /* DeveloperModel.swift */ = {isa = PBXFileReference; lastKnownFileType = sourcecode.swift; path = DeveloperModel.swift; sourceTree = "<group>"; };
		8C1F69E727F4A63C0080EE2C /* ImageModel.swift */ = {isa = PBXFileReference; lastKnownFileType = sourcecode.swift; path = ImageModel.swift; sourceTree = "<group>"; };
		8C39C27B27F0854200D412BA /* AdviceAppProject.app */ = {isa = PBXFileReference; explicitFileType = wrapper.application; includeInIndex = 0; path = AdviceAppProject.app; sourceTree = BUILT_PRODUCTS_DIR; };
		8C39C27E27F0854200D412BA /* AppDelegate.swift */ = {isa = PBXFileReference; lastKnownFileType = sourcecode.swift; path = AppDelegate.swift; sourceTree = "<group>"; };
		8C39C28027F0854200D412BA /* SceneDelegate.swift */ = {isa = PBXFileReference; lastKnownFileType = sourcecode.swift; path = SceneDelegate.swift; sourceTree = "<group>"; };
		8C39C28527F0854200D412BA /* Base */ = {isa = PBXFileReference; lastKnownFileType = file.storyboard; name = Base; path = Base.lproj/Main.storyboard; sourceTree = "<group>"; };
		8C39C28727F0854400D412BA /* Assets.xcassets */ = {isa = PBXFileReference; lastKnownFileType = folder.assetcatalog; path = Assets.xcassets; sourceTree = "<group>"; };
		8C39C28A27F0854400D412BA /* Base */ = {isa = PBXFileReference; lastKnownFileType = file.storyboard; name = Base; path = Base.lproj/LaunchScreen.storyboard; sourceTree = "<group>"; };
		8C39C28C27F0854400D412BA /* Info.plist */ = {isa = PBXFileReference; lastKnownFileType = text.plist.xml; path = Info.plist; sourceTree = "<group>"; };
		8C3DA94E27F08D7300EFCD9C /* WelcomeViewController.swift */ = {isa = PBXFileReference; lastKnownFileType = sourcecode.swift; path = WelcomeViewController.swift; sourceTree = "<group>"; };
/* End PBXFileReference section */

/* Begin PBXFrameworksBuildPhase section */
		8C39C27827F0854200D412BA /* Frameworks */ = {
			isa = PBXFrameworksBuildPhase;
			buildActionMask = 2147483647;
			files = (
			);
			runOnlyForDeploymentPostprocessing = 0;
		};
/* End PBXFrameworksBuildPhase section */

/* Begin PBXGroup section */
		8C1F69D927F34E3C0080EE2C /* ViewControllers */ = {
			isa = PBXGroup;
			children = (
				8C3DA94E27F08D7300EFCD9C /* WelcomeViewController.swift */,
				8C1F69D127F0B59E0080EE2C /* ShowTipsViewController.swift */,
				8C1F69CF27F0B5610080EE2C /* TipsChooseViewController.swift */,
				8C1F69D327F0B6050080EE2C /* MemsViewController.swift */,
				8C1F69D727F0B9540080EE2C /* DeveloperInfoViewController.swift */,
				8C1F69D527F0B91F0080EE2C /* DevelopersListViewController.swift */,
			);
			name = ViewControllers;
			path = ..;
			sourceTree = "<group>";
		};
		8C1F69DA27F34E660080EE2C /* Models */ = {
			isa = PBXGroup;
			children = (
				8C1F69E327F4A6090080EE2C /* TipsModel.swift */,
				8C1F69E527F4A6290080EE2C /* DeveloperModel.swift */,
				8C1F69E727F4A63C0080EE2C /* ImageModel.swift */,
			);
			path = Models;
			sourceTree = "<group>";
		};
		8C1F69DB27F34E710080EE2C /* StoryBoards */ = {
			isa = PBXGroup;
			children = (
				8C39C28427F0854200D412BA /* Main.storyboard */,
				8C39C28927F0854400D412BA /* LaunchScreen.storyboard */,
			);
			name = StoryBoards;
			path = ..;
			sourceTree = "<group>";
		};
		8C1F69DC27F34E8C0080EE2C /* Services */ = {
			isa = PBXGroup;
			children = (
				8C1F69DD27F4A5AB0080EE2C /* DataManager.swift */,
				8C1F69DF27F4A5CB0080EE2C /* ImageDataManager.swift */,
				8C1F69E127F4A5EF0080EE2C /* DevelopersDataManager.swift */,
			);
			path = Services;
			sourceTree = "<group>";
		};
		8C39C27227F0854200D412BA = {
			isa = PBXGroup;
			children = (
				8C39C27D27F0854200D412BA /* AdviceAppProject */,
				8C39C27C27F0854200D412BA /* Products */,
			);
			sourceTree = "<group>";
		};
		8C39C27C27F0854200D412BA /* Products */ = {
			isa = PBXGroup;
			children = (
				8C39C27B27F0854200D412BA /* AdviceAppProject.app */,
			);
			name = Products;
			sourceTree = "<group>";
		};
		8C39C27D27F0854200D412BA /* AdviceAppProject */ = {
			isa = PBXGroup;
			children = (
				8C1F69D927F34E3C0080EE2C /* ViewControllers */,
				8C1F69DC27F34E8C0080EE2C /* Services */,
				8C1F69DA27F34E660080EE2C /* Models */,
				8C1F69DB27F34E710080EE2C /* StoryBoards */,
				8C39C27E27F0854200D412BA /* AppDelegate.swift */,
				8C39C28027F0854200D412BA /* SceneDelegate.swift */,
				8C39C28727F0854400D412BA /* Assets.xcassets */,
				8C39C28C27F0854400D412BA /* Info.plist */,
			);
			path = AdviceAppProject;
			sourceTree = "<group>";
		};
/* End PBXGroup section */

/* Begin PBXNativeTarget section */
		8C39C27A27F0854200D412BA /* AdviceAppProject */ = {
			isa = PBXNativeTarget;
			buildConfigurationList = 8C39C28F27F0854400D412BA /* Build configuration list for PBXNativeTarget "AdviceAppProject" */;
			buildPhases = (
				8C39C27727F0854200D412BA /* Sources */,
				8C39C27827F0854200D412BA /* Frameworks */,
				8C39C27927F0854200D412BA /* Resources */,
			);
			buildRules = (
			);
			dependencies = (
			);
			name = AdviceAppProject;
			productName = AdviceAppProject;
			productReference = 8C39C27B27F0854200D412BA /* AdviceAppProject.app */;
			productType = "com.apple.product-type.application";
		};
/* End PBXNativeTarget section */

/* Begin PBXProject section */
		8C39C27327F0854200D412BA /* Project object */ = {
			isa = PBXProject;
			attributes = {
				BuildIndependentTargetsInParallel = 1;
				LastSwiftUpdateCheck = 1320;
				LastUpgradeCheck = 1320;
				TargetAttributes = {
					8C39C27A27F0854200D412BA = {
						CreatedOnToolsVersion = 13.2.1;
					};
				};
			};
			buildConfigurationList = 8C39C27627F0854200D412BA /* Build configuration list for PBXProject "AdviceAppProject" */;
			compatibilityVersion = "Xcode 13.0";
			developmentRegion = en;
			hasScannedForEncodings = 0;
			knownRegions = (
				en,
				Base,
			);
			mainGroup = 8C39C27227F0854200D412BA;
			productRefGroup = 8C39C27C27F0854200D412BA /* Products */;
			projectDirPath = "";
			projectRoot = "";
			targets = (
				8C39C27A27F0854200D412BA /* AdviceAppProject */,
			);
		};
/* End PBXProject section */

/* Begin PBXResourcesBuildPhase section */
		8C39C27927F0854200D412BA /* Resources */ = {
			isa = PBXResourcesBuildPhase;
			buildActionMask = 2147483647;
			files = (
				8C39C28B27F0854400D412BA /* LaunchScreen.storyboard in Resources */,
				8C39C28827F0854400D412BA /* Assets.xcassets in Resources */,
				8C39C28627F0854200D412BA /* Main.storyboard in Resources */,
			);
			runOnlyForDeploymentPostprocessing = 0;
		};
/* End PBXResourcesBuildPhase section */

/* Begin PBXSourcesBuildPhase section */
		8C39C27727F0854200D412BA /* Sources */ = {
			isa = PBXSourcesBuildPhase;
			buildActionMask = 2147483647;
			files = (
				8C1F69D227F0B59E0080EE2C /* ShowTipsViewController.swift in Sources */,
				8C1F69E027F4A5CB0080EE2C /* ImageDataManager.swift in Sources */,
				8C1F69E627F4A6290080EE2C /* DeveloperModel.swift in Sources */,
				8C1F69D827F0B9540080EE2C /* DeveloperInfoViewController.swift in Sources */,
				8C3DA94F27F08D7300EFCD9C /* WelcomeViewController.swift in Sources */,
				8C39C27F27F0854200D412BA /* AppDelegate.swift in Sources */,
				8C1F69D027F0B5610080EE2C /* TipsChooseViewController.swift in Sources */,
				8C1F69D627F0B91F0080EE2C /* DevelopersListViewController.swift in Sources */,
				8C1F69D427F0B6050080EE2C /* MemsViewController.swift in Sources */,
				8C1F69E227F4A5EF0080EE2C /* DevelopersDataManager.swift in Sources */,
				8C1F69DE27F4A5AB0080EE2C /* DataManager.swift in Sources */,
				8C39C28127F0854200D412BA /* SceneDelegate.swift in Sources */,
				8C1F69E427F4A6090080EE2C /* TipsModel.swift in Sources */,
				8C1F69E827F4A63C0080EE2C /* ImageModel.swift in Sources */,
			);
			runOnlyForDeploymentPostprocessing = 0;
		};
/* End PBXSourcesBuildPhase section */

/* Begin PBXVariantGroup section */
		8C39C28427F0854200D412BA /* Main.storyboard */ = {
			isa = PBXVariantGroup;
			children = (
				8C39C28527F0854200D412BA /* Base */,
			);
			name = Main.storyboard;
			sourceTree = "<group>";
		};
		8C39C28927F0854400D412BA /* LaunchScreen.storyboard */ = {
			isa = PBXVariantGroup;
			children = (
				8C39C28A27F0854400D412BA /* Base */,
			);
			name = LaunchScreen.storyboard;
			sourceTree = "<group>";
		};
/* End PBXVariantGroup section */

/* Begin XCBuildConfiguration section */
		8C39C28D27F0854400D412BA /* Debug */ = {
			isa = XCBuildConfiguration;
			buildSettings = {
				ALWAYS_SEARCH_USER_PATHS = NO;
				CLANG_ANALYZER_NONNULL = YES;
				CLANG_ANALYZER_NUMBER_OBJECT_CONVERSION = YES_AGGRESSIVE;
				CLANG_CXX_LANGUAGE_STANDARD = "gnu++17";
				CLANG_CXX_LIBRARY = "libc++";
				CLANG_ENABLE_MODULES = YES;
				CLANG_ENABLE_OBJC_ARC = YES;
				CLANG_ENABLE_OBJC_WEAK = YES;
				CLANG_WARN_BLOCK_CAPTURE_AUTORELEASING = YES;
				CLANG_WARN_BOOL_CONVERSION = YES;
				CLANG_WARN_COMMA = YES;
				CLANG_WARN_CONSTANT_CONVERSION = YES;
				CLANG_WARN_DEPRECATED_OBJC_IMPLEMENTATIONS = YES;
				CLANG_WARN_DIRECT_OBJC_ISA_USAGE = YES_ERROR;
				CLANG_WARN_DOCUMENTATION_COMMENTS = YES;
				CLANG_WARN_EMPTY_BODY = YES;
				CLANG_WARN_ENUM_CONVERSION = YES;
				CLANG_WARN_INFINITE_RECURSION = YES;
				CLANG_WARN_INT_CONVERSION = YES;
				CLANG_WARN_NON_LITERAL_NULL_CONVERSION = YES;
				CLANG_WARN_OBJC_IMPLICIT_RETAIN_SELF = YES;
				CLANG_WARN_OBJC_LITERAL_CONVERSION = YES;
				CLANG_WARN_OBJC_ROOT_CLASS = YES_ERROR;
				CLANG_WARN_QUOTED_INCLUDE_IN_FRAMEWORK_HEADER = YES;
				CLANG_WARN_RANGE_LOOP_ANALYSIS = YES;
				CLANG_WARN_STRICT_PROTOTYPES = YES;
				CLANG_WARN_SUSPICIOUS_MOVE = YES;
				CLANG_WARN_UNGUARDED_AVAILABILITY = YES_AGGRESSIVE;
				CLANG_WARN_UNREACHABLE_CODE = YES;
				CLANG_WARN__DUPLICATE_METHOD_MATCH = YES;
				COPY_PHASE_STRIP = NO;
				DEBUG_INFORMATION_FORMAT = dwarf;
				ENABLE_STRICT_OBJC_MSGSEND = YES;
				ENABLE_TESTABILITY = YES;
				GCC_C_LANGUAGE_STANDARD = gnu11;
				GCC_DYNAMIC_NO_PIC = NO;
				GCC_NO_COMMON_BLOCKS = YES;
				GCC_OPTIMIZATION_LEVEL = 0;
				GCC_PREPROCESSOR_DEFINITIONS = (
					"DEBUG=1",
					"$(inherited)",
				);
				GCC_WARN_64_TO_32_BIT_CONVERSION = YES;
				GCC_WARN_ABOUT_RETURN_TYPE = YES_ERROR;
				GCC_WARN_UNDECLARED_SELECTOR = YES;
				GCC_WARN_UNINITIALIZED_AUTOS = YES_AGGRESSIVE;
				GCC_WARN_UNUSED_FUNCTION = YES;
				GCC_WARN_UNUSED_VARIABLE = YES;
				IPHONEOS_DEPLOYMENT_TARGET = 15.2;
				MTL_ENABLE_DEBUG_INFO = INCLUDE_SOURCE;
				MTL_FAST_MATH = YES;
				ONLY_ACTIVE_ARCH = YES;
				SDKROOT = iphoneos;
				SWIFT_ACTIVE_COMPILATION_CONDITIONS = DEBUG;
				SWIFT_OPTIMIZATION_LEVEL = "-Onone";
			};
			name = Debug;
		};
		8C39C28E27F0854400D412BA /* Release */ = {
			isa = XCBuildConfiguration;
			buildSettings = {
				ALWAYS_SEARCH_USER_PATHS = NO;
				CLANG_ANALYZER_NONNULL = YES;
				CLANG_ANALYZER_NUMBER_OBJECT_CONVERSION = YES_AGGRESSIVE;
				CLANG_CXX_LANGUAGE_STANDARD = "gnu++17";
				CLANG_CXX_LIBRARY = "libc++";
				CLANG_ENABLE_MODULES = YES;
				CLANG_ENABLE_OBJC_ARC = YES;
				CLANG_ENABLE_OBJC_WEAK = YES;
				CLANG_WARN_BLOCK_CAPTURE_AUTORELEASING = YES;
				CLANG_WARN_BOOL_CONVERSION = YES;
				CLANG_WARN_COMMA = YES;
				CLANG_WARN_CONSTANT_CONVERSION = YES;
				CLANG_WARN_DEPRECATED_OBJC_IMPLEMENTATIONS = YES;
				CLANG_WARN_DIRECT_OBJC_ISA_USAGE = YES_ERROR;
				CLANG_WARN_DOCUMENTATION_COMMENTS = YES;
				CLANG_WARN_EMPTY_BODY = YES;
				CLANG_WARN_ENUM_CONVERSION = YES;
				CLANG_WARN_INFINITE_RECURSION = YES;
				CLANG_WARN_INT_CONVERSION = YES;
				CLANG_WARN_NON_LITERAL_NULL_CONVERSION = YES;
				CLANG_WARN_OBJC_IMPLICIT_RETAIN_SELF = YES;
				CLANG_WARN_OBJC_LITERAL_CONVERSION = YES;
				CLANG_WARN_OBJC_ROOT_CLASS = YES_ERROR;
				CLANG_WARN_QUOTED_INCLUDE_IN_FRAMEWORK_HEADER = YES;
				CLANG_WARN_RANGE_LOOP_ANALYSIS = YES;
				CLANG_WARN_STRICT_PROTOTYPES = YES;
				CLANG_WARN_SUSPICIOUS_MOVE = YES;
				CLANG_WARN_UNGUARDED_AVAILABILITY = YES_AGGRESSIVE;
				CLANG_WARN_UNREACHABLE_CODE = YES;
				CLANG_WARN__DUPLICATE_METHOD_MATCH = YES;
				COPY_PHASE_STRIP = NO;
				DEBUG_INFORMATION_FORMAT = "dwarf-with-dsym";
				ENABLE_NS_ASSERTIONS = NO;
				ENABLE_STRICT_OBJC_MSGSEND = YES;
				GCC_C_LANGUAGE_STANDARD = gnu11;
				GCC_NO_COMMON_BLOCKS = YES;
				GCC_WARN_64_TO_32_BIT_CONVERSION = YES;
				GCC_WARN_ABOUT_RETURN_TYPE = YES_ERROR;
				GCC_WARN_UNDECLARED_SELECTOR = YES;
				GCC_WARN_UNINITIALIZED_AUTOS = YES_AGGRESSIVE;
				GCC_WARN_UNUSED_FUNCTION = YES;
				GCC_WARN_UNUSED_VARIABLE = YES;
				IPHONEOS_DEPLOYMENT_TARGET = 15.2;
				MTL_ENABLE_DEBUG_INFO = NO;
				MTL_FAST_MATH = YES;
				SDKROOT = iphoneos;
				SWIFT_COMPILATION_MODE = wholemodule;
				SWIFT_OPTIMIZATION_LEVEL = "-O";
				VALIDATE_PRODUCT = YES;
			};
			name = Release;
		};
		8C39C29027F0854400D412BA /* Debug */ = {
			isa = XCBuildConfiguration;
			buildSettings = {
				ASSETCATALOG_COMPILER_APPICON_NAME = AppIcon;
				ASSETCATALOG_COMPILER_GLOBAL_ACCENT_COLOR_NAME = AccentColor;
				CODE_SIGN_STYLE = Automatic;
				CURRENT_PROJECT_VERSION = 1;
				DEVELOPMENT_TEAM = R4JW3YK935;
				GENERATE_INFOPLIST_FILE = YES;
				INFOPLIST_FILE = AdviceAppProject/Info.plist;
				INFOPLIST_KEY_UIApplicationSupportsIndirectInputEvents = YES;
				INFOPLIST_KEY_UILaunchStoryboardName = LaunchScreen;
				INFOPLIST_KEY_UIMainStoryboardFile = Main;
				INFOPLIST_KEY_UISupportedInterfaceOrientations_iPad = "UIInterfaceOrientationPortrait UIInterfaceOrientationPortraitUpsideDown UIInterfaceOrientationLandscapeLeft UIInterfaceOrientationLandscapeRight";
				INFOPLIST_KEY_UISupportedInterfaceOrientations_iPhone = "UIInterfaceOrientationPortrait UIInterfaceOrientationLandscapeLeft UIInterfaceOrientationLandscapeRight";
				LD_RUNPATH_SEARCH_PATHS = (
					"$(inherited)",
					"@executable_path/Frameworks",
				);
				MARKETING_VERSION = 1.0;
				PRODUCT_BUNDLE_IDENTIFIER = "Eugenia-Anikina.AdviceAppProject";
				PRODUCT_NAME = "$(TARGET_NAME)";
				SWIFT_EMIT_LOC_STRINGS = YES;
				SWIFT_VERSION = 5.0;
				TARGETED_DEVICE_FAMILY = "1,2";
			};
			name = Debug;
		};
		8C39C29127F0854400D412BA /* Release */ = {
			isa = XCBuildConfiguration;
			buildSettings = {
				ASSETCATALOG_COMPILER_APPICON_NAME = AppIcon;
				ASSETCATALOG_COMPILER_GLOBAL_ACCENT_COLOR_NAME = AccentColor;
				CODE_SIGN_STYLE = Automatic;
				CURRENT_PROJECT_VERSION = 1;
				DEVELOPMENT_TEAM = R4JW3YK935;
				GENERATE_INFOPLIST_FILE = YES;
				INFOPLIST_FILE = AdviceAppProject/Info.plist;
				INFOPLIST_KEY_UIApplicationSupportsIndirectInputEvents = YES;
				INFOPLIST_KEY_UILaunchStoryboardName = LaunchScreen;
				INFOPLIST_KEY_UIMainStoryboardFile = Main;
				INFOPLIST_KEY_UISupportedInterfaceOrientations_iPad = "UIInterfaceOrientationPortrait UIInterfaceOrientationPortraitUpsideDown UIInterfaceOrientationLandscapeLeft UIInterfaceOrientationLandscapeRight";
				INFOPLIST_KEY_UISupportedInterfaceOrientations_iPhone = "UIInterfaceOrientationPortrait UIInterfaceOrientationLandscapeLeft UIInterfaceOrientationLandscapeRight";
				LD_RUNPATH_SEARCH_PATHS = (
					"$(inherited)",
					"@executable_path/Frameworks",
				);
				MARKETING_VERSION = 1.0;
				PRODUCT_BUNDLE_IDENTIFIER = "Eugenia-Anikina.AdviceAppProject";
				PRODUCT_NAME = "$(TARGET_NAME)";
				SWIFT_EMIT_LOC_STRINGS = YES;
				SWIFT_VERSION = 5.0;
				TARGETED_DEVICE_FAMILY = "1,2";
			};
			name = Release;
		};
/* End XCBuildConfiguration section */

/* Begin XCConfigurationList section */
		8C39C27627F0854200D412BA /* Build configuration list for PBXProject "AdviceAppProject" */ = {
			isa = XCConfigurationList;
			buildConfigurations = (
				8C39C28D27F0854400D412BA /* Debug */,
				8C39C28E27F0854400D412BA /* Release */,
			);
			defaultConfigurationIsVisible = 0;
			defaultConfigurationName = Release;
		};
		8C39C28F27F0854400D412BA /* Build configuration list for PBXNativeTarget "AdviceAppProject" */ = {
			isa = XCConfigurationList;
			buildConfigurations = (
				8C39C29027F0854400D412BA /* Debug */,
				8C39C29127F0854400D412BA /* Release */,
			);
			defaultConfigurationIsVisible = 0;
			defaultConfigurationName = Release;
		};
/* End XCConfigurationList section */
	};
	rootObject = 8C39C27327F0854200D412BA /* Project object */;
}
